// !$*UTF8*$!
{
	archiveVersion = 1;
	classes = {
	};
	objectVersion = 45;
	objects = {

/* Begin PBXBuildFile section */
		1D3623260D0F684500981E51 /* ImageHopAppDelegate.m in Sources */ = {isa = PBXBuildFile; fileRef = 1D3623250D0F684500981E51 /* ImageHopAppDelegate.m */; };
		1D60589B0D05DD56006BFB54 /* main.m in Sources */ = {isa = PBXBuildFile; fileRef = 29B97316FDCFA39411CA2CEA /* main.m */; };
		1D60589F0D05DD5A006BFB54 /* Foundation.framework in Frameworks */ = {isa = PBXBuildFile; fileRef = 1D30AB110D05D00D00671497 /* Foundation.framework */; };
		1DF5F4E00D08C38300B7A737 /* UIKit.framework in Frameworks */ = {isa = PBXBuildFile; fileRef = 1DF5F4DF0D08C38300B7A737 /* UIKit.framework */; };
		288765A50DF7441C002DB57D /* CoreGraphics.framework in Frameworks */ = {isa = PBXBuildFile; fileRef = 288765A40DF7441C002DB57D /* CoreGraphics.framework */; };
		2899E5220DE3E06400AC0155 /* ImageHopViewController.xib in Resources */ = {isa = PBXBuildFile; fileRef = 2899E5210DE3E06400AC0155 /* ImageHopViewController.xib */; };
		28AD733F0D9D9553002E5188 /* MainWindow.xib in Resources */ = {isa = PBXBuildFile; fileRef = 28AD733E0D9D9553002E5188 /* MainWindow.xib */; };
		28D7ACF80DDB3853001CB0EB /* ImageHopViewController.m in Sources */ = {isa = PBXBuildFile; fileRef = 28D7ACF70DDB3853001CB0EB /* ImageHopViewController.m */; };
		592B3E6F133C63DC008E203E /* frame-1.png in Resources */ = {isa = PBXBuildFile; fileRef = 592B3E5A133C63DC008E203E /* frame-1.png */; };
		592B3E70133C63DC008E203E /* frame-2.png in Resources */ = {isa = PBXBuildFile; fileRef = 592B3E5B133C63DC008E203E /* frame-2.png */; };
		592B3E71133C63DC008E203E /* frame-3.png in Resources */ = {isa = PBXBuildFile; fileRef = 592B3E5C133C63DC008E203E /* frame-3.png */; };
		592B3E72133C63DC008E203E /* frame-4.png in Resources */ = {isa = PBXBuildFile; fileRef = 592B3E5D133C63DC008E203E /* frame-4.png */; };
		592B3E73133C63DC008E203E /* frame-5.png in Resources */ = {isa = PBXBuildFile; fileRef = 592B3E5E133C63DC008E203E /* frame-5.png */; };
		592B3E74133C63DC008E203E /* frame-6.png in Resources */ = {isa = PBXBuildFile; fileRef = 592B3E5F133C63DC008E203E /* frame-6.png */; };
		592B3E75133C63DC008E203E /* frame-7.png in Resources */ = {isa = PBXBuildFile; fileRef = 592B3E60133C63DC008E203E /* frame-7.png */; };
		592B3E76133C63DC008E203E /* frame-8.png in Resources */ = {isa = PBXBuildFile; fileRef = 592B3E61133C63DC008E203E /* frame-8.png */; };
		592B3E77133C63DC008E203E /* frame-9.png in Resources */ = {isa = PBXBuildFile; fileRef = 592B3E62133C63DC008E203E /* frame-9.png */; };
		592B3E78133C63DC008E203E /* frame-10.png in Resources */ = {isa = PBXBuildFile; fileRef = 592B3E63133C63DC008E203E /* frame-10.png */; };
		592B3E79133C63DC008E203E /* frame-11.png in Resources */ = {isa = PBXBuildFile; fileRef = 592B3E64133C63DC008E203E /* frame-11.png */; };
		592B3E7A133C63DC008E203E /* frame-12.png in Resources */ = {isa = PBXBuildFile; fileRef = 592B3E65133C63DC008E203E /* frame-12.png */; };
		592B3E7B133C63DC008E203E /* frame-13.png in Resources */ = {isa = PBXBuildFile; fileRef = 592B3E66133C63DC008E203E /* frame-13.png */; };
		592B3E7C133C63DC008E203E /* frame-14.png in Resources */ = {isa = PBXBuildFile; fileRef = 592B3E67133C63DC008E203E /* frame-14.png */; };
		592B3E7D133C63DC008E203E /* frame-15.png in Resources */ = {isa = PBXBuildFile; fileRef = 592B3E68133C63DC008E203E /* frame-15.png */; };
		592B3E7E133C63DC008E203E /* frame-16.png in Resources */ = {isa = PBXBuildFile; fileRef = 592B3E69133C63DC008E203E /* frame-16.png */; };
		592B3E7F133C63DC008E203E /* frame-17.png in Resources */ = {isa = PBXBuildFile; fileRef = 592B3E6A133C63DC008E203E /* frame-17.png */; };
		592B3E80133C63DC008E203E /* frame-18.png in Resources */ = {isa = PBXBuildFile; fileRef = 592B3E6B133C63DC008E203E /* frame-18.png */; };
		592B3E81133C63DC008E203E /* frame-19.png in Resources */ = {isa = PBXBuildFile; fileRef = 592B3E6C133C63DC008E203E /* frame-19.png */; };
		592B3E82133C63DC008E203E /* frame-20.png in Resources */ = {isa = PBXBuildFile; fileRef = 592B3E6D133C63DC008E203E /* frame-20.png */; };
		592B3E83133C63DC008E203E /* icon.png in Resources */ = {isa = PBXBuildFile; fileRef = 592B3E6E133C63DC008E203E /* icon.png */; };
/* End PBXBuildFile section */

/* Begin PBXFileReference section */
		1D30AB110D05D00D00671497 /* Foundation.framework */ = {isa = PBXFileReference; lastKnownFileType = wrapper.framework; name = Foundation.framework; path = System/Library/Frameworks/Foundation.framework; sourceTree = SDKROOT; };
		1D3623240D0F684500981E51 /* ImageHopAppDelegate.h */ = {isa = PBXFileReference; fileEncoding = 4; lastKnownFileType = sourcecode.c.h; path = ImageHopAppDelegate.h; sourceTree = "<group>"; };
		1D3623250D0F684500981E51 /* ImageHopAppDelegate.m */ = {isa = PBXFileReference; fileEncoding = 4; lastKnownFileType = sourcecode.c.objc; path = ImageHopAppDelegate.m; sourceTree = "<group>"; };
		1D6058910D05DD3D006BFB54 /* ImageHop.app */ = {isa = PBXFileReference; explicitFileType = wrapper.application; includeInIndex = 0; path = ImageHop.app; sourceTree = BUILT_PRODUCTS_DIR; };
		1DF5F4DF0D08C38300B7A737 /* UIKit.framework */ = {isa = PBXFileReference; lastKnownFileType = wrapper.framework; name = UIKit.framework; path = System/Library/Frameworks/UIKit.framework; sourceTree = SDKROOT; };
		288765A40DF7441C002DB57D /* CoreGraphics.framework */ = {isa = PBXFileReference; lastKnownFileType = wrapper.framework; name = CoreGraphics.framework; path = System/Library/Frameworks/CoreGraphics.framework; sourceTree = SDKROOT; };
		2899E5210DE3E06400AC0155 /* ImageHopViewController.xib */ = {isa = PBXFileReference; lastKnownFileType = file.xib; path = ImageHopViewController.xib; sourceTree = "<group>"; };
		28AD733E0D9D9553002E5188 /* MainWindow.xib */ = {isa = PBXFileReference; lastKnownFileType = file.xib; path = MainWindow.xib; sourceTree = "<group>"; };
		28D7ACF60DDB3853001CB0EB /* ImageHopViewController.h */ = {isa = PBXFileReference; fileEncoding = 4; lastKnownFileType = sourcecode.c.h; path = ImageHopViewController.h; sourceTree = "<group>"; };
		28D7ACF70DDB3853001CB0EB /* ImageHopViewController.m */ = {isa = PBXFileReference; fileEncoding = 4; lastKnownFileType = sourcecode.c.objc; path = ImageHopViewController.m; sourceTree = "<group>"; };
		29B97316FDCFA39411CA2CEA /* main.m */ = {isa = PBXFileReference; fileEncoding = 4; lastKnownFileType = sourcecode.c.objc; path = main.m; sourceTree = "<group>"; };
		32CA4F630368D1EE00C91783 /* ImageHop_Prefix.pch */ = {isa = PBXFileReference; fileEncoding = 4; lastKnownFileType = sourcecode.c.h; path = ImageHop_Prefix.pch; sourceTree = "<group>"; };
		592B3E5A133C63DC008E203E /* frame-1.png */ = {isa = PBXFileReference; lastKnownFileType = image.png; path = "frame-1.png"; sourceTree = "<group>"; };
		592B3E5B133C63DC008E203E /* frame-2.png */ = {isa = PBXFileReference; lastKnownFileType = image.png; path = "frame-2.png"; sourceTree = "<group>"; };
		592B3E5C133C63DC008E203E /* frame-3.png */ = {isa = PBXFileReference; lastKnownFileType = image.png; path = "frame-3.png"; sourceTree = "<group>"; };
		592B3E5D133C63DC008E203E /* frame-4.png */ = {isa = PBXFileReference; lastKnownFileType = image.png; path = "frame-4.png"; sourceTree = "<group>"; };
		592B3E5E133C63DC008E203E /* frame-5.png */ = {isa = PBXFileReference; lastKnownFileType = image.png; path = "frame-5.png"; sourceTree = "<group>"; };
		592B3E5F133C63DC008E203E /* frame-6.png */ = {isa = PBXFileReference; lastKnownFileType = image.png; path = "frame-6.png"; sourceTree = "<group>"; };
		592B3E60133C63DC008E203E /* frame-7.png */ = {isa = PBXFileReference; lastKnownFileType = image.png; path = "frame-7.png"; sourceTree = "<group>"; };
		592B3E61133C63DC008E203E /* frame-8.png */ = {isa = PBXFileReference; lastKnownFileType = image.png; path = "frame-8.png"; sourceTree = "<group>"; };
		592B3E62133C63DC008E203E /* frame-9.png */ = {isa = PBXFileReference; lastKnownFileType = image.png; path = "frame-9.png"; sourceTree = "<group>"; };
		592B3E63133C63DC008E203E /* frame-10.png */ = {isa = PBXFileReference; lastKnownFileType = image.png; path = "frame-10.png"; sourceTree = "<group>"; };
		592B3E64133C63DC008E203E /* frame-11.png */ = {isa = PBXFileReference; lastKnownFileType = image.png; path = "frame-11.png"; sourceTree = "<group>"; };
		592B3E65133C63DC008E203E /* frame-12.png */ = {isa = PBXFileReference; lastKnownFileType = image.png; path = "frame-12.png"; sourceTree = "<group>"; };
		592B3E66133C63DC008E203E /* frame-13.png */ = {isa = PBXFileReference; lastKnownFileType = image.png; path = "frame-13.png"; sourceTree = "<group>"; };
		592B3E67133C63DC008E203E /* frame-14.png */ = {isa = PBXFileReference; lastKnownFileType = image.png; path = "frame-14.png"; sourceTree = "<group>"; };
		592B3E68133C63DC008E203E /* frame-15.png */ = {isa = PBXFileReference; lastKnownFileType = image.png; path = "frame-15.png"; sourceTree = "<group>"; };
		592B3E69133C63DC008E203E /* frame-16.png */ = {isa = PBXFileReference; lastKnownFileType = image.png; path = "frame-16.png"; sourceTree = "<group>"; };
		592B3E6A133C63DC008E203E /* frame-17.png */ = {isa = PBXFileReference; lastKnownFileType = image.png; path = "frame-17.png"; sourceTree = "<group>"; };
		592B3E6B133C63DC008E203E /* frame-18.png */ = {isa = PBXFileReference; lastKnownFileType = image.png; path = "frame-18.png"; sourceTree = "<group>"; };
		592B3E6C133C63DC008E203E /* frame-19.png */ = {isa = PBXFileReference; lastKnownFileType = image.png; path = "frame-19.png"; sourceTree = "<group>"; };
		592B3E6D133C63DC008E203E /* frame-20.png */ = {isa = PBXFileReference; lastKnownFileType = image.png; path = "frame-20.png"; sourceTree = "<group>"; };
		592B3E6E133C63DC008E203E /* icon.png */ = {isa = PBXFileReference; lastKnownFileType = image.png; path = icon.png; sourceTree = "<group>"; };
		8D1107310486CEB800E47090 /* ImageHop-Info.plist */ = {isa = PBXFileReference; fileEncoding = 4; lastKnownFileType = text.plist.xml; path = "ImageHop-Info.plist"; plistStructureDefinitionIdentifier = "com.apple.xcode.plist.structure-definition.iphone.info-plist"; sourceTree = "<group>"; };
/* End PBXFileReference section */

/* Begin PBXFrameworksBuildPhase section */
		1D60588F0D05DD3D006BFB54 /* Frameworks */ = {
			isa = PBXFrameworksBuildPhase;
			buildActionMask = 2147483647;
			files = (
				1D60589F0D05DD5A006BFB54 /* Foundation.framework in Frameworks */,
				1DF5F4E00D08C38300B7A737 /* UIKit.framework in Frameworks */,
				288765A50DF7441C002DB57D /* CoreGraphics.framework in Frameworks */,
			);
			runOnlyForDeploymentPostprocessing = 0;
		};
/* End PBXFrameworksBuildPhase section */

/* Begin PBXGroup section */
		080E96DDFE201D6D7F000001 /* Classes */ = {
			isa = PBXGroup;
			children = (
				1D3623240D0F684500981E51 /* ImageHopAppDelegate.h */,
				1D3623250D0F684500981E51 /* ImageHopAppDelegate.m */,
				28D7ACF60DDB3853001CB0EB /* ImageHopViewController.h */,
				28D7ACF70DDB3853001CB0EB /* ImageHopViewController.m */,
			);
			path = Classes;
			sourceTree = "<group>";
		};
		19C28FACFE9D520D11CA2CBB /* Products */ = {
			isa = PBXGroup;
			children = (
				1D6058910D05DD3D006BFB54 /* ImageHop.app */,
			);
			name = Products;
			sourceTree = "<group>";
		};
		29B97314FDCFA39411CA2CEA /* CustomTemplate */ = {
			isa = PBXGroup;
			children = (
				080E96DDFE201D6D7F000001 /* Classes */,
				29B97315FDCFA39411CA2CEA /* Other Sources */,
				29B97317FDCFA39411CA2CEA /* Resources */,
				29B97323FDCFA39411CA2CEA /* Frameworks */,
				19C28FACFE9D520D11CA2CBB /* Products */,
			);
			name = CustomTemplate;
			sourceTree = "<group>";
		};
		29B97315FDCFA39411CA2CEA /* Other Sources */ = {
			isa = PBXGroup;
			children = (
				32CA4F630368D1EE00C91783 /* ImageHop_Prefix.pch */,
				29B97316FDCFA39411CA2CEA /* main.m */,
			);
			name = "Other Sources";
			sourceTree = "<group>";
		};
		29B97317FDCFA39411CA2CEA /* Resources */ = {
			isa = PBXGroup;
			children = (
				592B3E5A133C63DC008E203E /* frame-1.png */,
				592B3E5B133C63DC008E203E /* frame-2.png */,
				592B3E5C133C63DC008E203E /* frame-3.png */,
				592B3E5D133C63DC008E203E /* frame-4.png */,
				592B3E5E133C63DC008E203E /* frame-5.png */,
				592B3E5F133C63DC008E203E /* frame-6.png */,
				592B3E60133C63DC008E203E /* frame-7.png */,
				592B3E61133C63DC008E203E /* frame-8.png */,
				592B3E62133C63DC008E203E /* frame-9.png */,
				592B3E63133C63DC008E203E /* frame-10.png */,
				592B3E64133C63DC008E203E /* frame-11.png */,
				592B3E65133C63DC008E203E /* frame-12.png */,
				592B3E66133C63DC008E203E /* frame-13.png */,
				592B3E67133C63DC008E203E /* frame-14.png */,
				592B3E68133C63DC008E203E /* frame-15.png */,
				592B3E69133C63DC008E203E /* frame-16.png */,
				592B3E6A133C63DC008E203E /* frame-17.png */,
				592B3E6B133C63DC008E203E /* frame-18.png */,
				592B3E6C133C63DC008E203E /* frame-19.png */,
				592B3E6D133C63DC008E203E /* frame-20.png */,
				592B3E6E133C63DC008E203E /* icon.png */,
				2899E5210DE3E06400AC0155 /* ImageHopViewController.xib */,
				28AD733E0D9D9553002E5188 /* MainWindow.xib */,
				8D1107310486CEB800E47090 /* ImageHop-Info.plist */,
			);
			name = Resources;
			sourceTree = "<group>";
		};
		29B97323FDCFA39411CA2CEA /* Frameworks */ = {
			isa = PBXGroup;
			children = (
				1DF5F4DF0D08C38300B7A737 /* UIKit.framework */,
				1D30AB110D05D00D00671497 /* Foundation.framework */,
				288765A40DF7441C002DB57D /* CoreGraphics.framework */,
			);
			name = Frameworks;
			sourceTree = "<group>";
		};
/* End PBXGroup section */

/* Begin PBXNativeTarget section */
		1D6058900D05DD3D006BFB54 /* ImageHop */ = {
			isa = PBXNativeTarget;
			buildConfigurationList = 1D6058960D05DD3E006BFB54 /* Build configuration list for PBXNativeTarget "ImageHop" */;
			buildPhases = (
				1D60588D0D05DD3D006BFB54 /* Resources */,
				1D60588E0D05DD3D006BFB54 /* Sources */,
				1D60588F0D05DD3D006BFB54 /* Frameworks */,
			);
			buildRules = (
			);
			dependencies = (
			);
			name = ImageHop;
			productName = ImageHop;
			productReference = 1D6058910D05DD3D006BFB54 /* ImageHop.app */;
			productType = "com.apple.product-type.application";
		};
/* End PBXNativeTarget section */

/* Begin PBXProject section */
		29B97313FDCFA39411CA2CEA /* Project object */ = {
			isa = PBXProject;
			buildConfigurationList = C01FCF4E08A954540054247B /* Build configuration list for PBXProject "ImageHop" */;
			compatibilityVersion = "Xcode 3.1";
			developmentRegion = English;
			hasScannedForEncodings = 1;
			knownRegions = (
				English,
				Japanese,
				French,
				German,
			);
			mainGroup = 29B97314FDCFA39411CA2CEA /* CustomTemplate */;
			projectDirPath = "";
			projectRoot = "";
			targets = (
				1D6058900D05DD3D006BFB54 /* ImageHop */,
			);
		};
/* End PBXProject section */

/* Begin PBXResourcesBuildPhase section */
		1D60588D0D05DD3D006BFB54 /* Resources */ = {
			isa = PBXResourcesBuildPhase;
			buildActionMask = 2147483647;
			files = (
				28AD733F0D9D9553002E5188 /* MainWindow.xib in Resources */,
				2899E5220DE3E06400AC0155 /* ImageHopViewController.xib in Resources */,
				592B3E6F133C63DC008E203E /* frame-1.png in Resources */,
				592B3E70133C63DC008E203E /* frame-2.png in Resources */,
				592B3E71133C63DC008E203E /* frame-3.png in Resources */,
				592B3E72133C63DC008E203E /* frame-4.png in Resources */,
				592B3E73133C63DC008E203E /* frame-5.png in Resources */,
				592B3E74133C63DC008E203E /* frame-6.png in Resources */,
				592B3E75133C63DC008E203E /* frame-7.png in Resources */,
				592B3E76133C63DC008E203E /* frame-8.png in Resources */,
				592B3E77133C63DC008E203E /* frame-9.png in Resources */,
				592B3E78133C63DC008E203E /* frame-10.png in Resources */,
				592B3E79133C63DC008E203E /* frame-11.png in Resources */,
				592B3E7A133C63DC008E203E /* frame-12.png in Resources */,
				592B3E7B133C63DC008E203E /* frame-13.png in Resources */,
				592B3E7C133C63DC008E203E /* frame-14.png in Resources */,
				592B3E7D133C63DC008E203E /* frame-15.png in Resources */,
				592B3E7E133C63DC008E203E /* frame-16.png in Resources */,
				592B3E7F133C63DC008E203E /* frame-17.png in Resources */,
				592B3E80133C63DC008E203E /* frame-18.png in Resources */,
				592B3E81133C63DC008E203E /* frame-19.png in Resources */,
				592B3E82133C63DC008E203E /* frame-20.png in Resources */,
				592B3E83133C63DC008E203E /* icon.png in Resources */,
			);
			runOnlyForDeploymentPostprocessing = 0;
		};
/* End PBXResourcesBuildPhase section */

/* Begin PBXSourcesBuildPhase section */
		1D60588E0D05DD3D006BFB54 /* Sources */ = {
			isa = PBXSourcesBuildPhase;
			buildActionMask = 2147483647;
			files = (
				1D60589B0D05DD56006BFB54 /* main.m in Sources */,
				1D3623260D0F684500981E51 /* ImageHopAppDelegate.m in Sources */,
				28D7ACF80DDB3853001CB0EB /* ImageHopViewController.m in Sources */,
			);
			runOnlyForDeploymentPostprocessing = 0;
		};
/* End PBXSourcesBuildPhase section */

/* Begin XCBuildConfiguration section */
		1D6058940D05DD3E006BFB54 /* Debug */ = {
			isa = XCBuildConfiguration;
			buildSettings = {
				ALWAYS_SEARCH_USER_PATHS = NO;
				COPY_PHASE_STRIP = NO;
				GCC_DYNAMIC_NO_PIC = NO;
				GCC_OPTIMIZATION_LEVEL = 0;
				GCC_PRECOMPILE_PREFIX_HEADER = YES;
				GCC_PREFIX_HEADER = ImageHop_Prefix.pch;
				INFOPLIST_FILE = "ImageHop-Info.plist";
				PRODUCT_NAME = ImageHop;
			};
			name = Debug;
		};
		1D6058950D05DD3E006BFB54 /* Release */ = {
			isa = XCBuildConfiguration;
			buildSettings = {
				ALWAYS_SEARCH_USER_PATHS = NO;
				COPY_PHASE_STRIP = YES;
				GCC_PRECOMPILE_PREFIX_HEADER = YES;
				GCC_PREFIX_HEADER = ImageHop_Prefix.pch;
				INFOPLIST_FILE = "ImageHop-Info.plist";
				PRODUCT_NAME = ImageHop;
				VALIDATE_PRODUCT = YES;
			};
			name = Release;
		};
		C01FCF4F08A954540054247B /* Debug */ = {
			isa = XCBuildConfiguration;
			buildSettings = {
				ARCHS = "$(ARCHS_STANDARD_32_BIT)";
				"CODE_SIGN_IDENTITY[sdk=iphoneos*]" = "iPhone Developer";
				GCC_C_LANGUAGE_STANDARD = c99;
				GCC_WARN_ABOUT_RETURN_TYPE = YES;
				GCC_WARN_UNUSED_VARIABLE = YES;
				PREBINDING = NO;
				SDKROOT = iphoneos;
			};
			name = Debug;
		};
		C01FCF5008A954540054247B /* Release */ = {
			isa = XCBuildConfiguration;
			buildSettings = {
				ARCHS = "$(ARCHS_STANDARD_32_BIT)";
				"CODE_SIGN_IDENTITY[sdk=iphoneos*]" = "iPhone Developer";
				GCC_C_LANGUAGE_STANDARD = c99;
				GCC_WARN_ABOUT_RETURN_TYPE = YES;
				GCC_WARN_UNUSED_VARIABLE = YES;
				OTHER_CFLAGS = "-DNS_BLOCK_ASSERTIONS=1";
				PREBINDING = NO;
				SDKROOT = iphoneos;
			};
			name = Release;
		};
/* End XCBuildConfiguration section */

/* Begin XCConfigurationList section */
		1D6058960D05DD3E006BFB54 /* Build configuration list for PBXNativeTarget "ImageHop" */ = {
			isa = XCConfigurationList;
			buildConfigurations = (
				1D6058940D05DD3E006BFB54 /* Debug */,
				1D6058950D05DD3E006BFB54 /* Release */,
			);
			defaultConfigurationIsVisible = 0;
			defaultConfigurationName = Release;
		};
		C01FCF4E08A954540054247B /* Build configuration list for PBXProject "ImageHop" */ = {
			isa = XCConfigurationList;
			buildConfigurations = (
				C01FCF4F08A954540054247B /* Debug */,
				C01FCF5008A954540054247B /* Release */,
			);
			defaultConfigurationIsVisible = 0;
			defaultConfigurationName = Release;
		};
/* End XCConfigurationList section */
	};
	rootObject = 29B97313FDCFA39411CA2CEA /* Project object */;
}
